<?xml version="1.0" encoding="utf-8"?>
<Project ToolsVersion="4.0" xmlns="http://schemas.microsoft.com/developer/msbuild/2003">
  <ItemGroup>
    <Filter Include="Source Files">
      <UniqueIdentifier>{4FC737F1-C7A5-4376-A066-2A32D752A2FF}</UniqueIdentifier>
      <Extensions>cpp;c;cc;cxx;c++;cppm;ixx;def;odl;idl;hpj;bat;asm;asmx</Extensions>
    </Filter>
    <Filter Include="Source Files\Initial Tests">
      <UniqueIdentifier>{564b7cc0-6e66-4e91-975a-e89dadd131ee}</UniqueIdentifier>
    </Filter>
    <Filter Include="Source Files\Initial Tests\Test Methods">
      <UniqueIdentifier>{5749646d-c375-40df-a94d-7ce23ccc26d1}</UniqueIdentifier>
    </Filter>
    <Filter Include="Source Files\Performance Tests Lua">
      <UniqueIdentifier>{1f293f3c-dae0-4eb7-97aa-55819e9e60f8}</UniqueIdentifier>
    </Filter>
    <Filter Include="Source Files\Entity Simulations">
      <UniqueIdentifier>{fb599376-805e-4045-9faf-3c2832a175e2}</UniqueIdentifier>
    </Filter>
    <Filter Include="Source Files\Entity Tests">
      <UniqueIdentifier>{b316a993-39a0-414c-80b5-faa79f908415}</UniqueIdentifier>
    </Filter>
  </ItemGroup>
  <ItemGroup>
    <ClCompile Include="main.cpp">
      <Filter>Source Files</Filter>
    </ClCompile>
    <ClCompile Include="LuaTestMethods\Test0.cpp">
      <Filter>Source Files\Initial Tests\Test Methods</Filter>
    </ClCompile>
    <ClCompile Include="LuaTestMethods\Test1.cpp">
      <Filter>Source Files\Initial Tests\Test Methods</Filter>
    </ClCompile>
    <ClCompile Include="LuaTestMethods\LuaTestMethod.cpp">
      <Filter>Source Files\Initial Tests</Filter>
    </ClCompile>
    <ClCompile Include="LuaTestMethods\LuaTestRunner.cpp">
      <Filter>Source Files\Initial Tests</Filter>
    </ClCompile>
    <ClCompile Include="LuaTestMethods\Test2.cpp">
      <Filter>Source Files\Initial Tests\Test Methods</Filter>
    </ClCompile>
    <ClCompile Include="LuaTestMethods\ReadNumber.cpp">
      <Filter>Source Files\Performance Tests Lua</Filter>
    </ClCompile>
    <ClCompile Include="LuaTestMethods\ReadString.cpp">
      <Filter>Source Files\Performance Tests Lua</Filter>
    </ClCompile>
    <ClCompile Include="JSTestMethods\JSTestRunner.cpp">
      <Filter>Source Files\Initial Tests</Filter>
    </ClCompile>
    <ClCompile Include="JSTestMethods\JSTestMethod.cpp">
      <Filter>Source Files\Initial Tests</Filter>
    </ClCompile>
    <ClCompile Include="Entities\Player.cpp">
      <Filter>Source Files\Entity Simulations</Filter>
    </ClCompile>
    <ClCompile Include="Entities\Item.cpp">
      <Filter>Source Files\Entity Simulations</Filter>
    </ClCompile>
    <ClCompile Include="LuaTestMethods\OverwritePlayerVar_LuaToCPP.cpp">
      <Filter>Source Files\Entity Tests</Filter>
    </ClCompile>
  </ItemGroup>
  <ItemGroup>
    <None Include="helloworld.lua">
      <Filter>Source Files\Initial Tests</Filter>
    </None>
    <None Include="crossglobal.lua">
      <Filter>Source Files\Initial Tests</Filter>
    </None>
    <None Include="array_print.lua">
      <Filter>Source Files\Initial Tests</Filter>
    </None>
    <None Include="readInCPP_simple_number.lua">
      <Filter>Source Files</Filter>
    </None>
    <None Include="readInCPP_simple_string.lua">
      <Filter>Source Files</Filter>
    </None>
    <None Include="LuaTestMethods\overwritevar_lua.lua">
      <Filter>Source Files</Filter>
    </None>
  </ItemGroup>
  <ItemGroup>
    <ClInclude Include="LuaTestMethods\Test0.h">
      <Filter>Source Files\Initial Tests\Test Methods</Filter>
    </ClInclude>
    <ClInclude Include="LuaTestMethods\Test1.h">
      <Filter>Source Files\Initial Tests\Test Methods</Filter>
    </ClInclude>
    <ClInclude Include="LuaTestMethods\LuaTestMethod.h">
      <Filter>Source Files\Initial Tests</Filter>
    </ClInclude>
    <ClInclude Include="LuaTestMethods\LuaTestRunner.h">
      <Filter>Source Files\Initial Tests</Filter>
    </ClInclude>
    <ClInclude Include="LuaTestMethods\Test2.h">
      <Filter>Source Files\Initial Tests\Test Methods</Filter>
    </ClInclude>
    <ClInclude Include="LuaTestMethods\ReadNumber.h">
      <Filter>Source Files\Performance Tests Lua</Filter>
    </ClInclude>
    <ClInclude Include="LuaTestMethods\ReadString.h">
      <Filter>Source Files\Performance Tests Lua</Filter>
    </ClInclude>
    <ClInclude Include="JSTestMethods\JSTestRunner.h">
      <Filter>Source Files\Initial Tests</Filter>
    </ClInclude>
    <ClInclude Include="JSTestMethods\JSTestMethod.h">
      <Filter>Source Files\Initial Tests</Filter>
    </ClInclude>
    <ClInclude Include="Entities\Player.h">
      <Filter>Source Files\Entity Simulations</Filter>
    </ClInclude>
    <ClInclude Include="Entities\Item.h">
      <Filter>Source Files\Entity Simulations</Filter>
    </ClInclude>
    <ClInclude Include="Entities\ItemStorage.h">
      <Filter>Source Files\Entity Simulations</Filter>
    </ClInclude>
    <ClInclude Include="LuaTestMethods\OverwritePlayerVar_LuaToCPP.h">
      <Filter>Source Files\Entity Tests</Filter>
    </ClInclude>
  </ItemGroup>
</Project>